// !$*UTF8*$!
{
	archiveVersion = 1;
	classes = {
	};
	objectVersion = 48;
	objects = {

/* Begin PBXBuildFile section */
		F5BAFFF4390E691C29050927 /* Pods_PitchPerfect.framework in Frameworks */ = {isa = PBXBuildFile; fileRef = C418E2F58B012ECA38603C54 /* Pods_PitchPerfect.framework */; };
		FD8AF9FB203AF96800BD3E2E /* AppDelegate.swift in Sources */ = {isa = PBXBuildFile; fileRef = FD8AF9FA203AF96800BD3E2E /* AppDelegate.swift */; };
		FD8AF9FD203AF96800BD3E2E /* ViewController.swift in Sources */ = {isa = PBXBuildFile; fileRef = FD8AF9FC203AF96800BD3E2E /* ViewController.swift */; };
		FD8AFA00203AF96800BD3E2E /* Main.storyboard in Resources */ = {isa = PBXBuildFile; fileRef = FD8AF9FE203AF96800BD3E2E /* Main.storyboard */; };
		FD8AFA02203AF96800BD3E2E /* Assets.xcassets in Resources */ = {isa = PBXBuildFile; fileRef = FD8AFA01203AF96800BD3E2E /* Assets.xcassets */; };
		FD8AFA05203AF96800BD3E2E /* LaunchScreen.storyboard in Resources */ = {isa = PBXBuildFile; fileRef = FD8AFA03203AF96800BD3E2E /* LaunchScreen.storyboard */; };
/* End PBXBuildFile section */

/* Begin PBXFileReference section */
		0BD572566E1E0CA1C4676509 /* Pods-PitchPerfect.debug.xcconfig */ = {isa = PBXFileReference; includeInIndex = 1; lastKnownFileType = text.xcconfig; name = "Pods-PitchPerfect.debug.xcconfig"; path = "Pods/Target Support Files/Pods-PitchPerfect/Pods-PitchPerfect.debug.xcconfig"; sourceTree = "<group>"; };
		C418E2F58B012ECA38603C54 /* Pods_PitchPerfect.framework */ = {isa = PBXFileReference; explicitFileType = wrapper.framework; includeInIndex = 0; path = Pods_PitchPerfect.framework; sourceTree = BUILT_PRODUCTS_DIR; };
		F39A9B7F59CA1ED9E919AE80 /* Pods-PitchPerfect.release.xcconfig */ = {isa = PBXFileReference; includeInIndex = 1; lastKnownFileType = text.xcconfig; name = "Pods-PitchPerfect.release.xcconfig"; path = "Pods/Target Support Files/Pods-PitchPerfect/Pods-PitchPerfect.release.xcconfig"; sourceTree = "<group>"; };
		FD8AF9F7203AF96700BD3E2E /* PitchPerfect.app */ = {isa = PBXFileReference; explicitFileType = wrapper.application; includeInIndex = 0; path = PitchPerfect.app; sourceTree = BUILT_PRODUCTS_DIR; };
		FD8AF9FA203AF96800BD3E2E /* AppDelegate.swift */ = {isa = PBXFileReference; lastKnownFileType = sourcecode.swift; path = AppDelegate.swift; sourceTree = "<group>"; };
		FD8AF9FC203AF96800BD3E2E /* ViewController.swift */ = {isa = PBXFileReference; lastKnownFileType = sourcecode.swift; path = ViewController.swift; sourceTree = "<group>"; };
		FD8AF9FF203AF96800BD3E2E /* Base */ = {isa = PBXFileReference; lastKnownFileType = file.storyboard; name = Base; path = Base.lproj/Main.storyboard; sourceTree = "<group>"; };
		FD8AFA01203AF96800BD3E2E /* Assets.xcassets */ = {isa = PBXFileReference; lastKnownFileType = folder.assetcatalog; path = Assets.xcassets; sourceTree = "<group>"; };
		FD8AFA04203AF96800BD3E2E /* Base */ = {isa = PBXFileReference; lastKnownFileType = file.storyboard; name = Base; path = Base.lproj/LaunchScreen.storyboard; sourceTree = "<group>"; };
		FD8AFA06203AF96800BD3E2E /* Info.plist */ = {isa = PBXFileReference; lastKnownFileType = text.plist.xml; path = Info.plist; sourceTree = "<group>"; };
/* End PBXFileReference section */

/* Begin PBXFrameworksBuildPhase section */
		FD8AF9F4203AF96700BD3E2E /* Frameworks */ = {
			isa = PBXFrameworksBuildPhase;
			buildActionMask = 2147483647;
			files = (
				F5BAFFF4390E691C29050927 /* Pods_PitchPerfect.framework in Frameworks */,
			);
			runOnlyForDeploymentPostprocessing = 0;
		};
/* End PBXFrameworksBuildPhase section */

/* Begin PBXGroup section */
		012CC1A18461C94B5C345038 /* Frameworks */ = {
			isa = PBXGroup;
			children = (
				C418E2F58B012ECA38603C54 /* Pods_PitchPerfect.framework */,
			);
			name = Frameworks;
			sourceTree = "<group>";
		};
		E8AA190B45037F2759673E3E /* Pods */ = {
			isa = PBXGroup;
			children = (
				0BD572566E1E0CA1C4676509 /* Pods-PitchPerfect.debug.xcconfig */,
				F39A9B7F59CA1ED9E919AE80 /* Pods-PitchPerfect.release.xcconfig */,
			);
			name = Pods;
			sourceTree = "<group>";
		};
		FD8AF9EE203AF96700BD3E2E = {
			isa = PBXGroup;
			children = (
				FD8AF9F9203AF96700BD3E2E /* PitchPerfect */,
				FD8AF9F8203AF96700BD3E2E /* Products */,
				E8AA190B45037F2759673E3E /* Pods */,
				012CC1A18461C94B5C345038 /* Frameworks */,
			);
			sourceTree = "<group>";
		};
		FD8AF9F8203AF96700BD3E2E /* Products */ = {
			isa = PBXGroup;
			children = (
				FD8AF9F7203AF96700BD3E2E /* PitchPerfect.app */,
			);
			name = Products;
			sourceTree = "<group>";
		};
		FD8AF9F9203AF96700BD3E2E /* PitchPerfect */ = {
			isa = PBXGroup;
			children = (
				FD8AF9FA203AF96800BD3E2E /* AppDelegate.swift */,
				FD8AF9FC203AF96800BD3E2E /* ViewController.swift */,
				FD8AF9FE203AF96800BD3E2E /* Main.storyboard */,
				FD8AFA01203AF96800BD3E2E /* Assets.xcassets */,
				FD8AFA03203AF96800BD3E2E /* LaunchScreen.storyboard */,
				FD8AFA06203AF96800BD3E2E /* Info.plist */,
			);
			path = PitchPerfect;
			sourceTree = "<group>";
		};
/* End PBXGroup section */

/* Begin PBXNativeTarget section */
		FD8AF9F6203AF96700BD3E2E /* PitchPerfect */ = {
			isa = PBXNativeTarget;
			buildConfigurationList = FD8AFA09203AF96800BD3E2E /* Build configuration list for PBXNativeTarget "PitchPerfect" */;
			buildPhases = (
				DA9510ACC65FF80FCCC41B67 /* [CP] Check Pods Manifest.lock */,
				FD8AF9F3203AF96700BD3E2E /* Sources */,
				FD8AF9F4203AF96700BD3E2E /* Frameworks */,
				FD8AF9F5203AF96700BD3E2E /* Resources */,
				3D367049B8D56A4D37488FD7 /* [CP] Embed Pods Frameworks */,
				45252AC83A79FA8986B71A08 /* [CP] Copy Pods Resources */,
			);
			buildRules = (
			);
			dependencies = (
			);
			name = PitchPerfect;
			productName = PitchPerfect;
			productReference = FD8AF9F7203AF96700BD3E2E /* PitchPerfect.app */;
			productType = "com.apple.product-type.application";
		};
/* End PBXNativeTarget section */

/* Begin PBXProject section */
		FD8AF9EF203AF96700BD3E2E /* Project object */ = {
			isa = PBXProject;
			attributes = {
				LastSwiftUpdateCheck = 0920;
				LastUpgradeCheck = 0920;
				ORGANIZATIONNAME = Udacity;
				TargetAttributes = {
					FD8AF9F6203AF96700BD3E2E = {
						CreatedOnToolsVersion = 9.2;
						ProvisioningStyle = Automatic;
					};
				};
			};
			buildConfigurationList = FD8AF9F2203AF96700BD3E2E /* Build configuration list for PBXProject "PitchPerfect" */;
			compatibilityVersion = "Xcode 8.0";
			developmentRegion = en;
			hasScannedForEncodings = 0;
			knownRegions = (
				en,
				Base,
			);
			mainGroup = FD8AF9EE203AF96700BD3E2E;
			productRefGroup = FD8AF9F8203AF96700BD3E2E /* Products */;
			projectDirPath = "";
			projectRoot = "";
			targets = (
				FD8AF9F6203AF96700BD3E2E /* PitchPerfect */,
			);
		};
/* End PBXProject section */

/* Begin PBXResourcesBuildPhase section */
		FD8AF9F5203AF96700BD3E2E /* Resources */ = {
			isa = PBXResourcesBuildPhase;
			buildActionMask = 2147483647;
			files = (
				FD8AFA05203AF96800BD3E2E /* LaunchScreen.storyboard in Resources */,
				FD8AFA02203AF96800BD3E2E /* Assets.xcassets in Resources */,
				FD8AFA00203AF96800BD3E2E /* Main.storyboard in Resources */,
			);
			runOnlyForDeploymentPostprocessing = 0;
		};
/* End PBXResourcesBuildPhase section */

/* Begin PBXShellScriptBuildPhase section */
		3D367049B8D56A4D37488FD7 /* [CP] Embed Pods Frameworks */ = {
			isa = PBXShellScriptBuildPhase;
			buildActionMask = 2147483647;
			files = (
			);
			inputPaths = (
			);
			name = "[CP] Embed Pods Frameworks";
			outputPaths = (
			);
			runOnlyForDeploymentPostprocessing = 0;
			shellPath = /bin/sh;
			shellScript = "\"${SRCROOT}/Pods/Target Support Files/Pods-PitchPerfect/Pods-PitchPerfect-frameworks.sh\"\n";
			showEnvVarsInLog = 0;
		};
		45252AC83A79FA8986B71A08 /* [CP] Copy Pods Resources */ = {
			isa = PBXShellScriptBuildPhase;
			buildActionMask = 2147483647;
			files = (
			);
			inputPaths = (
			);
			name = "[CP] Copy Pods Resources";
			outputPaths = (
			);
			runOnlyForDeploymentPostprocessing = 0;
			shellPath = /bin/sh;
			shellScript = "\"${SRCROOT}/Pods/Target Support Files/Pods-PitchPerfect/Pods-PitchPerfect-resources.sh\"\n";
			showEnvVarsInLog = 0;
		};
		DA9510ACC65FF80FCCC41B67 /* [CP] Check Pods Manifest.lock */ = {
			isa = PBXShellScriptBuildPhase;
			buildActionMask = 2147483647;
			files = (
			);
			inputPaths = (
				"${PODS_PODFILE_DIR_PATH}/Podfile.lock",
				"${PODS_ROOT}/Manifest.lock",
			);
			name = "[CP] Check Pods Manifest.lock";
			outputPaths = (
				"$(DERIVED_FILE_DIR)/Pods-PitchPerfect-checkManifestLockResult.txt",
			);
			runOnlyForDeploymentPostprocessing = 0;
			shellPath = /bin/sh;
			shellScript = "diff \"${PODS_PODFILE_DIR_PATH}/Podfile.lock\" \"${PODS_ROOT}/Manifest.lock\" > /dev/null\nif [ $? != 0 ] ; then\n    # print error to STDERR\n    echo \"error: The sandbox is not in sync with the Podfile.lock. Run 'pod install' or update your CocoaPods installation.\" >&2\n    exit 1\nfi\n# This output is used by Xcode 'outputs' to avoid re-running this script phase.\necho \"SUCCESS\" > \"${SCRIPT_OUTPUT_FILE_0}\"\n";
			showEnvVarsInLog = 0;
		};
/* End PBXShellScriptBuildPhase section */

/* Begin PBXSourcesBuildPhase section */
		FD8AF9F3203AF96700BD3E2E /* Sources */ = {
			isa = PBXSourcesBuildPhase;
			buildActionMask = 2147483647;
			files = (
				FD8AF9FD203AF96800BD3E2E /* ViewController.swift in Sources */,
				FD8AF9FB203AF96800BD3E2E /* AppDelegate.swift in Sources */,
			);
			runOnlyForDeploymentPostprocessing = 0;
		};
/* End PBXSourcesBuildPhase section */

/* Begin PBXVariantGroup section */
		FD8AF9FE203AF96800BD3E2E /* Main.storyboard */ = {
			isa = PBXVariantGroup;
			children = (
				FD8AF9FF203AF96800BD3E2E /* Base */,
			);
			name = Main.storyboard;
			sourceTree = "<group>";
		};
		FD8AFA03203AF96800BD3E2E /* LaunchScreen.storyboard */ = {
			isa = PBXVariantGroup;
			children = (
				FD8AFA04203AF96800BD3E2E /* Base */,
			);
			name = LaunchScreen.storyboard;
			sourceTree = "<group>";
		};
/* End PBXVariantGroup section */

/* Begin XCBuildConfiguration section */
		FD8AFA07203AF96800BD3E2E /* Debug */ = {
			isa = XCBuildConfiguration;
			buildSettings = {
				ALWAYS_SEARCH_USER_PATHS = NO;
				CLANG_ANALYZER_NONNULL = YES;
				CLANG_ANALYZER_NUMBER_OBJECT_CONVERSION = YES_AGGRESSIVE;
				CLANG_CXX_LANGUAGE_STANDARD = "gnu++14";
				CLANG_CXX_LIBRARY = "libc++";
				CLANG_ENABLE_MODULES = YES;
				CLANG_ENABLE_OBJC_ARC = YES;
				CLANG_WARN_BLOCK_CAPTURE_AUTORELEASING = YES;
				CLANG_WARN_BOOL_CONVERSION = YES;
				CLANG_WARN_COMMA = YES;
				CLANG_WARN_CONSTANT_CONVERSION = YES;
				CLANG_WARN_DIRECT_OBJC_ISA_USAGE = YES_ERROR;
				CLANG_WARN_DOCUMENTATION_COMMENTS = YES;
				CLANG_WARN_EMPTY_BODY = YES;
				CLANG_WARN_ENUM_CONVERSION = YES;
				CLANG_WARN_INFINITE_RECURSION = YES;
				CLANG_WARN_INT_CONVERSION = YES;
				CLANG_WARN_NON_LITERAL_NULL_CONVERSION = YES;
				CLANG_WARN_OBJC_LITERAL_CONVERSION = YES;
				CLANG_WARN_OBJC_ROOT_CLASS = YES_ERROR;
				CLANG_WARN_RANGE_LOOP_ANALYSIS = YES;
				CLANG_WARN_STRICT_PROTOTYPES = YES;
				CLANG_WARN_SUSPICIOUS_MOVE = YES;
				CLANG_WARN_UNGUARDED_AVAILABILITY = YES_AGGRESSIVE;
				CLANG_WARN_UNREACHABLE_CODE = YES;
				CLANG_WARN__DUPLICATE_METHOD_MATCH = YES;
				CODE_SIGN_IDENTITY = "iPhone Developer";
				COPY_PHASE_STRIP = NO;
				DEBUG_INFORMATION_FORMAT = dwarf;
				ENABLE_STRICT_OBJC_MSGSEND = YES;
				ENABLE_TESTABILITY = YES;
				GCC_C_LANGUAGE_STANDARD = gnu11;
				GCC_DYNAMIC_NO_PIC = NO;
				GCC_NO_COMMON_BLOCKS = YES;
				GCC_OPTIMIZATION_LEVEL = 0;
				GCC_PREPROCESSOR_DEFINITIONS = (
					"DEBUG=1",
					"$(inherited)",
				);
				GCC_WARN_64_TO_32_BIT_CONVERSION = YES;
				GCC_WARN_ABOUT_RETURN_TYPE = YES_ERROR;
				GCC_WARN_UNDECLARED_SELECTOR = YES;
				GCC_WARN_UNINITIALIZED_AUTOS = YES_AGGRESSIVE;
				GCC_WARN_UNUSED_FUNCTION = YES;
				GCC_WARN_UNUSED_VARIABLE = YES;
				IPHONEOS_DEPLOYMENT_TARGET = 11.2;
				MTL_ENABLE_DEBUG_INFO = YES;
				ONLY_ACTIVE_ARCH = YES;
				SDKROOT = iphoneos;
				SWIFT_ACTIVE_COMPILATION_CONDITIONS = DEBUG;
				SWIFT_OPTIMIZATION_LEVEL = "-Onone";
			};
			name = Debug;
		};
		FD8AFA08203AF96800BD3E2E /* Release */ = {
			isa = XCBuildConfiguration;
			buildSettings = {
				ALWAYS_SEARCH_USER_PATHS = NO;
				CLANG_ANALYZER_NONNULL = YES;
				CLANG_ANALYZER_NUMBER_OBJECT_CONVERSION = YES_AGGRESSIVE;
				CLANG_CXX_LANGUAGE_STANDARD = "gnu++14";
				CLANG_CXX_LIBRARY = "libc++";
				CLANG_ENABLE_MODULES = YES;
				CLANG_ENABLE_OBJC_ARC = YES;
				CLANG_WARN_BLOCK_CAPTURE_AUTORELEASING = YES;
				CLANG_WARN_BOOL_CONVERSION = YES;
				CLANG_WARN_COMMA = YES;
				CLANG_WARN_CONSTANT_CONVERSION = YES;
				CLANG_WARN_DIRECT_OBJC_ISA_USAGE = YES_ERROR;
				CLANG_WARN_DOCUMENTATION_COMMENTS = YES;
				CLANG_WARN_EMPTY_BODY = YES;
				CLANG_WARN_ENUM_CONVERSION = YES;
				CLANG_WARN_INFINITE_RECURSION = YES;
				CLANG_WARN_INT_CONVERSION = YES;
				CLANG_WARN_NON_LITERAL_NULL_CONVERSION = YES;
				CLANG_WARN_OBJC_LITERAL_CONVERSION = YES;
				CLANG_WARN_OBJC_ROOT_CLASS = YES_ERROR;
				CLANG_WARN_RANGE_LOOP_ANALYSIS = YES;
				CLANG_WARN_STRICT_PROTOTYPES = YES;
				CLANG_WARN_SUSPICIOUS_MOVE = YES;
				CLANG_WARN_UNGUARDED_AVAILABILITY = YES_AGGRESSIVE;
				CLANG_WARN_UNREACHABLE_CODE = YES;
				CLANG_WARN__DUPLICATE_METHOD_MATCH = YES;
				CODE_SIGN_IDENTITY = "iPhone Developer";
				COPY_PHASE_STRIP = NO;
				DEBUG_INFORMATION_FORMAT = "dwarf-with-dsym";
				ENABLE_NS_ASSERTIONS = NO;
				ENABLE_STRICT_OBJC_MSGSEND = YES;
				GCC_C_LANGUAGE_STANDARD = gnu11;
				GCC_NO_COMMON_BLOCKS = YES;
				GCC_WARN_64_TO_32_BIT_CONVERSION = YES;
				GCC_WARN_ABOUT_RETURN_TYPE = YES_ERROR;
				GCC_WARN_UNDECLARED_SELECTOR = YES;
				GCC_WARN_UNINITIALIZED_AUTOS = YES_AGGRESSIVE;
				GCC_WARN_UNUSED_FUNCTION = YES;
				GCC_WARN_UNUSED_VARIABLE = YES;
				IPHONEOS_DEPLOYMENT_TARGET = 11.2;
				MTL_ENABLE_DEBUG_INFO = NO;
				SDKROOT = iphoneos;
				SWIFT_OPTIMIZATION_LEVEL = "-Owholemodule";
				VALIDATE_PRODUCT = YES;
			};
			name = Release;
		};
		FD8AFA0A203AF96800BD3E2E /* Debug */ = {
			isa = XCBuildConfiguration;
			baseConfigurationReference = 0BD572566E1E0CA1C4676509 /* Pods-PitchPerfect.debug.xcconfig */;
			buildSettings = {
				ASSETCATALOG_COMPILER_APPICON_NAME = AppIcon;
				CODE_SIGN_STYLE = Automatic;
				DEVELOPMENT_TEAM = 39H6XWV852;
				INFOPLIST_FILE = PitchPerfect/Info.plist;
				LD_RUNPATH_SEARCH_PATHS = "$(inherited) @executable_path/Frameworks";
				PRODUCT_BUNDLE_IDENTIFIER = com.br.PitchPerfect;
				PRODUCT_NAME = "$(TARGET_NAME)";
				SWIFT_VERSION = 4.0;
				TARGETED_DEVICE_FAMILY = "1,2";
			};
			name = Debug;
		};
		FD8AFA0B203AF96800BD3E2E /* Release */ = {
			isa = XCBuildConfiguration;
			baseConfigurationReference = F39A9B7F59CA1ED9E919AE80 /* Pods-PitchPerfect.release.xcconfig */;
			buildSettings = {
				ASSETCATALOG_COMPILER_APPICON_NAME = AppIcon;
				CODE_SIGN_STYLE = Automatic;
				DEVELOPMENT_TEAM = 39H6XWV852;
				INFOPLIST_FILE = PitchPerfect/Info.plist;
				LD_RUNPATH_SEARCH_PATHS = "$(inherited) @executable_path/Frameworks";
				PRODUCT_BUNDLE_IDENTIFIER = com.br.PitchPerfect;
				PRODUCT_NAME = "$(TARGET_NAME)";
				SWIFT_VERSION = 4.0;
				TARGETED_DEVICE_FAMILY = "1,2";
			};
			name = Release;
		};
/* End XCBuildConfiguration section */

/* Begin XCConfigurationList section */
		FD8AF9F2203AF96700BD3E2E /* Build configuration list for PBXProject "PitchPerfect" */ = {
			isa = XCConfigurationList;
			buildConfigurations = (
				FD8AFA07203AF96800BD3E2E /* Debug */,
				FD8AFA08203AF96800BD3E2E /* Release */,
			);
			defaultConfigurationIsVisible = 0;
			defaultConfigurationName = Release;
		};
		FD8AFA09203AF96800BD3E2E /* Build configuration list for PBXNativeTarget "PitchPerfect" */ = {
			isa = XCConfigurationList;
			buildConfigurations = (
				FD8AFA0A203AF96800BD3E2E /* Debug */,
				FD8AFA0B203AF96800BD3E2E /* Release */,
			);
			defaultConfigurationIsVisible = 0;
			defaultConfigurationName = Release;
		};
/* End XCConfigurationList section */
	};
	rootObject = FD8AF9EF203AF96700BD3E2E /* Project object */;
}
